
Microsoft Visual Studio Solution File, Format Version 12.00
# Visual Studio Version 16
VisualStudioVersion = 16.0.29411.108
MinimumVisualStudioVersion = 10.0.40219.1
Project("{FAE04EC0-301F-11D3-BF4B-00C04F79EFBC}") = "OpenSoundStream", "OpenSoundStream.csproj", "{0EBB02BC-9CAF-4C32-AA98-2B12797BBA5D}"
EndProject
Global
	GlobalSection(SolutionConfigurationPlatforms) = preSolution
		Debug|Any CPU = Debug|Any CPU
		Release|Any CPU = Release|Any CPU
	EndGlobalSection
	GlobalSection(ProjectConfigurationPlatforms) = postSolution
		{0EBB02BC-9CAF-4C32-AA98-2B12797BBA5D}.Debug|Any CPU.ActiveCfg = Debug|Any CPU
		{0EBB02BC-9CAF-4C32-AA98-2B12797BBA5D}.Debug|Any CPU.Build.0 = Debug|Any CPU
		{0EBB02BC-9CAF-4C32-AA98-2B12797BBA5D}.Release|Any CPU.ActiveCfg = Release|Any CPU
		{0EBB02BC-9CAF-4C32-AA98-2B12797BBA5D}.Release|Any CPU.Build.0 = Release|Any CPU
	EndGlobalSection
	GlobalSection(SolutionProperties) = preSolution
		HideSolutionNode = FALSE
	EndGlobalSection
	GlobalSection(ExtensibilityGlobals) = postSolution
		SolutionGuid = {657CCE45-6912-4326-9E5D-D9B0EC2D58B4}
	EndGlobalSection
EndGlobal
